
Microsoft Visual Studio Solution File, Format Version 12.00
# Visual Studio Version 16
VisualStudioVersion = 16.0.31112.23
MinimumVisualStudioVersion = 10.0.40219.1
Project("{FAE04EC0-301F-11D3-BF4B-00C04F79EFBC}") = "TTIT-project", "TTIT-project.csproj", "{6E0796C2-E966-4C14-BF8C-A0C84D6AEF92}"
EndProject
Global
	GlobalSection(SolutionConfigurationPlatforms) = preSolution
		Debug|Any CPU = Debug|Any CPU
		Release|Any CPU = Release|Any CPU
	EndGlobalSection
	GlobalSection(ProjectConfigurationPlatforms) = postSolution
		{6E0796C2-E966-4C14-BF8C-A0C84D6AEF92}.Debug|Any CPU.ActiveCfg = Debug|Any CPU
		{6E0796C2-E966-4C14-BF8C-A0C84D6AEF92}.Debug|Any CPU.Build.0 = Debug|Any CPU
		{6E0796C2-E966-4C14-BF8C-A0C84D6AEF92}.Release|Any CPU.ActiveCfg = Release|Any CPU
		{6E0796C2-E966-4C14-BF8C-A0C84D6AEF92}.Release|Any CPU.Build.0 = Release|Any CPU
	EndGlobalSection
	GlobalSection(SolutionProperties) = preSolution
		HideSolutionNode = FALSE
	EndGlobalSection
	GlobalSection(ExtensibilityGlobals) = postSolution
		SolutionGuid = {D48930A2-62C5-456F-B783-565A74C32B32}
	EndGlobalSection
EndGlobal
